schema: '2.0'
stages:
  preprocess:
    cmd: python src/preprocess.py
    deps:
    - path: data/raw/creditcard.csv
      hash: md5
      md5: e90efcb83d69faf99fcab8b0255024de
      size: 150828752
    - path: src/preprocess.py
      hash: md5
      md5: e993559304000419eda9fa5351e5f114
      size: 4666
    params:
      params.yaml:
        preprocess.random_state: 42
        preprocess.target_col: Class
        preprocess.test_size: 0.2
    outs:
    - path: data/processed/X_test.pkl
      hash: md5
      md5: 5c3fc32017d6fae556c02e974469f391
      size: 13671731
    - path: data/processed/X_train.pkl
      hash: md5
      md5: 951c7f12c39390fe3f438033e17096cf
      size: 60049848
    - path: data/processed/preprocess_summary.json
      hash: md5
      md5: 87a1abd311fbdac217ce9449a0dacc9d
      size: 190
    - path: data/processed/y_test.pkl
      hash: md5
      md5: 74f45cf7664eb0cbbd6871260e30f3f8
      size: 1367741
    - path: data/processed/y_train.pkl
      hash: md5
      md5: e4ab6057adef41ff722144047b525ae2
      size: 2002207
  train:
    cmd: python src/train.py
    deps:
    - path: data/processed/X_train.pkl
      hash: md5
      md5: 951c7f12c39390fe3f438033e17096cf
      size: 60049848
    - path: data/processed/y_train.pkl
      hash: md5
      md5: e4ab6057adef41ff722144047b525ae2
      size: 2002207
    - path: src/train.py
      hash: md5
      md5: fdc13ed518f6f2c221a804a38e8fa744
      size: 5648
    params:
      params.yaml:
        train.class_weight: balanced
        train.max_depth: 10
        train.mlflow_experiment: credit-fraud-detection
        train.n_estimators: 300
        train.random_state: 42
    outs:
    - path: models/model.pkl
      hash: md5
      md5: a6a5aeea40185fa99f001416942e0cb4
      size: 11078391
    - path: models/model_metadata.json
      hash: md5
      md5: 3ec540f0d6ff8a4dc49d25f61a55ef95
      size: 312
    - path: reports/train_metrics.json
      hash: md5
      md5: f6bf5efc813a59cfe08a6b859aba885a
      size: 179
  evaluate:
    cmd: python src/evaluate.py
    deps:
    - path: data/processed/X_test.pkl
      hash: md5
      md5: 5c3fc32017d6fae556c02e974469f391
      size: 13671731
    - path: data/processed/y_test.pkl
      hash: md5
      md5: 74f45cf7664eb0cbbd6871260e30f3f8
      size: 1367741
    - path: models/model.pkl
      hash: md5
      md5: a6a5aeea40185fa99f001416942e0cb4
      size: 11078391
    - path: src/evaluate.py
      hash: md5
      md5: 13b5f87874d6d17596eb343bd32cc7d3
      size: 3704
    outs:
    - path: reports/confusion_matrix.json
      hash: md5
      md5: 7c3f85689b61bf53d1e3e71702f4afa0
      size: 322
    - path: reports/eval_metrics.json
      hash: md5
      md5: 2b560baee7fc8fd4280e0af9e47f54a2
      size: 172
